
Microsoft Visual Studio Solution File, Format Version 12.00
# Visual Studio 15
VisualStudioVersion = 15.0.28010.2026
MinimumVisualStudioVersion = 10.0.40219.1
Project("{FAE04EC0-301F-11D3-BF4B-00C04F79EFBC}") = "Application", "Application\Application.csproj", "{1F2F007A-D5E4-4B4A-9025-211CEBD896BB}"
EndProject
Project("{FAE04EC0-301F-11D3-BF4B-00C04F79EFBC}") = "WebApi", "WebApi\WebApi.csproj", "{F2E08183-5B2B-486B-906B-0F006E3C99E2}"
EndProject
Project("{FAE04EC0-301F-11D3-BF4B-00C04F79EFBC}") = "ConsoleApp", "Console\ConsoleApp.csproj", "{D8ECB54E-362B-48D4-981B-6010F8D586B3}"
EndProject
Global
	GlobalSection(SolutionConfigurationPlatforms) = preSolution
		Debug|Any CPU = Debug|Any CPU
		Release|Any CPU = Release|Any CPU
	EndGlobalSection
	GlobalSection(ProjectConfigurationPlatforms) = postSolution
		{1F2F007A-D5E4-4B4A-9025-211CEBD896BB}.Debug|Any CPU.ActiveCfg = Debug|Any CPU
		{1F2F007A-D5E4-4B4A-9025-211CEBD896BB}.Debug|Any CPU.Build.0 = Debug|Any CPU
		{1F2F007A-D5E4-4B4A-9025-211CEBD896BB}.Release|Any CPU.ActiveCfg = Release|Any CPU
		{1F2F007A-D5E4-4B4A-9025-211CEBD896BB}.Release|Any CPU.Build.0 = Release|Any CPU
		{F2E08183-5B2B-486B-906B-0F006E3C99E2}.Debug|Any CPU.ActiveCfg = Debug|Any CPU
		{F2E08183-5B2B-486B-906B-0F006E3C99E2}.Debug|Any CPU.Build.0 = Debug|Any CPU
		{F2E08183-5B2B-486B-906B-0F006E3C99E2}.Release|Any CPU.ActiveCfg = Release|Any CPU
		{F2E08183-5B2B-486B-906B-0F006E3C99E2}.Release|Any CPU.Build.0 = Release|Any CPU
		{D8ECB54E-362B-48D4-981B-6010F8D586B3}.Debug|Any CPU.ActiveCfg = Debug|Any CPU
		{D8ECB54E-362B-48D4-981B-6010F8D586B3}.Debug|Any CPU.Build.0 = Debug|Any CPU
		{D8ECB54E-362B-48D4-981B-6010F8D586B3}.Release|Any CPU.ActiveCfg = Release|Any CPU
		{D8ECB54E-362B-48D4-981B-6010F8D586B3}.Release|Any CPU.Build.0 = Release|Any CPU
	EndGlobalSection
	GlobalSection(SolutionProperties) = preSolution
		HideSolutionNode = FALSE
	EndGlobalSection
	GlobalSection(ExtensibilityGlobals) = postSolution
		SolutionGuid = {60216059-091E-4499-A2A9-74EF484FCA58}
	EndGlobalSection
EndGlobal
